{
  "version": 4,
  "terraform_version": "1.10.5",
  "serial": 1,
  "lineage": "43ae44be-ade9-dba8-bba5-4d1e00c57b6b",
  "outputs": {},
  "resources": [
    {
      "mode": "managed",
      "type": "aws_vpc",
      "name": "my_VPC",
      "provider": "provider[\"registry.terraform.io/hashicorp/aws\"]",
      "instances": [
        {
          "schema_version": 1,
          "attributes": {
            "arn": "arn:aws:ec2:us-east-1:519093654264:vpc/vpc-032fb6bce20111e16",
            "assign_generated_ipv6_cidr_block": false,
            "cidr_block": "10.0.0.0/16",
            "default_network_acl_id": "acl-0b8a779f8f96c5ccf",
            "default_route_table_id": "rtb-0c15e9f3639b090d8",
            "default_security_group_id": "sg-069ff4641c37d43a0",
            "dhcp_options_id": "dopt-0450b3d63ee435195",
            "enable_dns_hostnames": false,
            "enable_dns_support": true,
            "enable_network_address_usage_metrics": false,
            "id": "vpc-032fb6bce20111e16",
            "instance_tenancy": "default",
            "ipv4_ipam_pool_id": null,
            "ipv4_netmask_length": null,
            "ipv6_association_id": "",
            "ipv6_cidr_block": "",
            "ipv6_cidr_block_network_border_group": "",
            "ipv6_ipam_pool_id": "",
            "ipv6_netmask_length": 0,
            "main_route_table_id": "rtb-0c15e9f3639b090d8",
            "owner_id": "519093654264",
            "tags": {
              "Name": "my_VPC"
            },
            "tags_all": {
              "Name": "my_VPC"
            }
          },
          "sensitive_attributes": [],
          "private": "eyJzY2hlbWFfdmVyc2lvbiI6IjEifQ=="
        }
      ]
    }
  ],
  "check_results": null
}
